{"1.2.0",
[{<<"gen_batch_server">>,{pkg,<<"gen_batch_server">>,<<"0.10.0">>},0},
 {<<"seshat">>,{pkg,<<"seshat">>,<<"1.0.1">>},0}]}.
[
{pkg_hash,[
 {<<"gen_batch_server">>, <<"DB99F8D7032EE961BD77F20D8937652AAED27F9D2872B9CCEA5A2AEB06D648C2">>},
 {<<"seshat">>, <<"FA7A8E89218D19394F7DDC47BA6725471103D654CD0BD0A98E5FDD922A943EAC">>}]},
{pkg_hash_ext,[
 {<<"gen_batch_server">>, <<"391E2E634ABEC00F9229F766BCFF736E07CC66530495DFD4A164724ECAF7008F">>},
 {<<"seshat">>, <<"38324FE8C5782C69D73B334DD00B20E16C0D99EEF3E7B4005C519FE9BC0E34FC">>}]}
].
